
Microsoft Visual Studio Solution File, Format Version 12.00
# Visual Studio Version 16
VisualStudioVersion = 16.0.31129.286
MinimumVisualStudioVersion = 10.0.40219.1
Project("{2150E333-8FDC-42A3-9474-1A3956D46DE8}") = "Services", "Services", "{C50760F7-E7A3-496A-8504-FC20F0CC3F93}"
EndProject
Project("{2150E333-8FDC-42A3-9474-1A3956D46DE8}") = "Catalog", "Catalog", "{A7175EC4-103F-4E8F-9AD2-656535ED9AEC}"
EndProject
Project("{9A19103F-16F7-4668-BE54-9A1E7A4F7556}") = "Catalog.API", "Services\Catalog\Catalog.API\Catalog.API.csproj", "{9E39E99E-9D6E-4E01-BCBD-4ABEBEDB50A6}"
EndProject
Project("{E53339B2-1760-4266-BCC7-CA923CBCF16C}") = "docker-compose", "docker-compose.dcproj", "{9EDB96F0-1622-4632-B21E-B05C0F5BE916}"
EndProject
Project("{2150E333-8FDC-42A3-9474-1A3956D46DE8}") = "Basket", "Basket", "{145B9925-6FF2-4AC4-8443-6B9B95C573D6}"
EndProject
Project("{9A19103F-16F7-4668-BE54-9A1E7A4F7556}") = "Basket.API", "Services\Basket\Basket.API\Basket.API.csproj", "{5F22A3FF-CC96-4DF1-94BA-71A83941A05C}"
EndProject
Project("{2150E333-8FDC-42A3-9474-1A3956D46DE8}") = "Discount", "Discount", "{27B1B7BE-66FE-4285-A7F5-93EC53F4B0EC}"
EndProject
Project("{9A19103F-16F7-4668-BE54-9A1E7A4F7556}") = "Discount.API", "Services\Discount\Discount.API\Discount.API.csproj", "{2C4D59F7-0201-4C11-8C3B-3E9ADF17453D}"
EndProject
Project("{9A19103F-16F7-4668-BE54-9A1E7A4F7556}") = "Discount.Grpc", "Services\Discount\Discount.Grpc\Discount.Grpc.csproj", "{EDF9F7D1-9D2B-4177-8824-C352E05CCAF9}"
EndProject
Project("{2150E333-8FDC-42A3-9474-1A3956D46DE8}") = "Ordering", "Ordering", "{05F06D25-F8C9-437E-AC72-FD38A385FD97}"
EndProject
Project("{9A19103F-16F7-4668-BE54-9A1E7A4F7556}") = "Ordering.API", "Services\Ordering\Ordering.API\Ordering.API.csproj", "{7FEE950B-4853-4B6A-A329-26EB0C482F26}"
EndProject
Project("{9A19103F-16F7-4668-BE54-9A1E7A4F7556}") = "Ordering.Application", "Services\Ordering\Ordering.Application\Ordering.Application.csproj", "{F0EEBC49-43E2-496D-AE93-C16DAAAAF197}"
EndProject
Project("{9A19103F-16F7-4668-BE54-9A1E7A4F7556}") = "Ordering.Domain", "Services\Ordering\Ordering.Domain\Ordering.Domain.csproj", "{C6494755-A757-4BB8-98BD-F97AD1078C28}"
EndProject
Project("{9A19103F-16F7-4668-BE54-9A1E7A4F7556}") = "Ordering.Infrastructure", "Services\Ordering\Ordering.Infrastructure\Ordering.Infrastructure.csproj", "{2937B179-112A-4728-8DC1-02E6ACA305B2}"
EndProject
Project("{2150E333-8FDC-42A3-9474-1A3956D46DE8}") = "BuildingBlocks", "BuildingBlocks", "{BB8D56F9-5F72-4F84-BCA2-41F122491DE6}"
EndProject
Project("{9A19103F-16F7-4668-BE54-9A1E7A4F7556}") = "EventBus.Messages", "BuildingBlocks\EventBus.Messages\EventBus.Messages.csproj", "{63AB2879-9E00-4E7E-B4F2-D77A24A47612}"
EndProject
Project("{2150E333-8FDC-42A3-9474-1A3956D46DE8}") = "ApiGateways", "ApiGateways", "{FFA4A710-1947-4F18-9248-4FBEA23BF00D}"
EndProject
Project("{FAE04EC0-301F-11D3-BF4B-00C04F79EFBC}") = "OcelotApiGateway", "ApiGateways\OcelotApiGateway\OcelotApiGateway.csproj", "{81829C8A-B641-4DF6-BB85-6AA1BB9D19F8}"
EndProject
Global
	GlobalSection(SolutionConfigurationPlatforms) = preSolution
		Debug|Any CPU = Debug|Any CPU
		Release|Any CPU = Release|Any CPU
	EndGlobalSection
	GlobalSection(ProjectConfigurationPlatforms) = postSolution
		{9E39E99E-9D6E-4E01-BCBD-4ABEBEDB50A6}.Debug|Any CPU.ActiveCfg = Debug|Any CPU
		{9E39E99E-9D6E-4E01-BCBD-4ABEBEDB50A6}.Debug|Any CPU.Build.0 = Debug|Any CPU
		{9E39E99E-9D6E-4E01-BCBD-4ABEBEDB50A6}.Release|Any CPU.ActiveCfg = Release|Any CPU
		{9E39E99E-9D6E-4E01-BCBD-4ABEBEDB50A6}.Release|Any CPU.Build.0 = Release|Any CPU
		{9EDB96F0-1622-4632-B21E-B05C0F5BE916}.Debug|Any CPU.ActiveCfg = Debug|Any CPU
		{9EDB96F0-1622-4632-B21E-B05C0F5BE916}.Debug|Any CPU.Build.0 = Debug|Any CPU
		{9EDB96F0-1622-4632-B21E-B05C0F5BE916}.Release|Any CPU.ActiveCfg = Release|Any CPU
		{9EDB96F0-1622-4632-B21E-B05C0F5BE916}.Release|Any CPU.Build.0 = Release|Any CPU
		{5F22A3FF-CC96-4DF1-94BA-71A83941A05C}.Debug|Any CPU.ActiveCfg = Debug|Any CPU
		{5F22A3FF-CC96-4DF1-94BA-71A83941A05C}.Debug|Any CPU.Build.0 = Debug|Any CPU
		{5F22A3FF-CC96-4DF1-94BA-71A83941A05C}.Release|Any CPU.ActiveCfg = Release|Any CPU
		{5F22A3FF-CC96-4DF1-94BA-71A83941A05C}.Release|Any CPU.Build.0 = Release|Any CPU
		{2C4D59F7-0201-4C11-8C3B-3E9ADF17453D}.Debug|Any CPU.ActiveCfg = Debug|Any CPU
		{2C4D59F7-0201-4C11-8C3B-3E9ADF17453D}.Debug|Any CPU.Build.0 = Debug|Any CPU
		{2C4D59F7-0201-4C11-8C3B-3E9ADF17453D}.Release|Any CPU.ActiveCfg = Release|Any CPU
		{2C4D59F7-0201-4C11-8C3B-3E9ADF17453D}.Release|Any CPU.Build.0 = Release|Any CPU
		{EDF9F7D1-9D2B-4177-8824-C352E05CCAF9}.Debug|Any CPU.ActiveCfg = Debug|Any CPU
		{EDF9F7D1-9D2B-4177-8824-C352E05CCAF9}.Debug|Any CPU.Build.0 = Debug|Any CPU
		{EDF9F7D1-9D2B-4177-8824-C352E05CCAF9}.Release|Any CPU.ActiveCfg = Release|Any CPU
		{EDF9F7D1-9D2B-4177-8824-C352E05CCAF9}.Release|Any CPU.Build.0 = Release|Any CPU
		{7FEE950B-4853-4B6A-A329-26EB0C482F26}.Debug|Any CPU.ActiveCfg = Debug|Any CPU
		{7FEE950B-4853-4B6A-A329-26EB0C482F26}.Debug|Any CPU.Build.0 = Debug|Any CPU
		{7FEE950B-4853-4B6A-A329-26EB0C482F26}.Release|Any CPU.ActiveCfg = Release|Any CPU
		{7FEE950B-4853-4B6A-A329-26EB0C482F26}.Release|Any CPU.Build.0 = Release|Any CPU
		{F0EEBC49-43E2-496D-AE93-C16DAAAAF197}.Debug|Any CPU.ActiveCfg = Debug|Any CPU
		{F0EEBC49-43E2-496D-AE93-C16DAAAAF197}.Debug|Any CPU.Build.0 = Debug|Any CPU
		{F0EEBC49-43E2-496D-AE93-C16DAAAAF197}.Release|Any CPU.ActiveCfg = Release|Any CPU
		{F0EEBC49-43E2-496D-AE93-C16DAAAAF197}.Release|Any CPU.Build.0 = Release|Any CPU
		{C6494755-A757-4BB8-98BD-F97AD1078C28}.Debug|Any CPU.ActiveCfg = Debug|Any CPU
		{C6494755-A757-4BB8-98BD-F97AD1078C28}.Debug|Any CPU.Build.0 = Debug|Any CPU
		{C6494755-A757-4BB8-98BD-F97AD1078C28}.Release|Any CPU.ActiveCfg = Release|Any CPU
		{C6494755-A757-4BB8-98BD-F97AD1078C28}.Release|Any CPU.Build.0 = Release|Any CPU
		{2937B179-112A-4728-8DC1-02E6ACA305B2}.Debug|Any CPU.ActiveCfg = Debug|Any CPU
		{2937B179-112A-4728-8DC1-02E6ACA305B2}.Debug|Any CPU.Build.0 = Debug|Any CPU
		{2937B179-112A-4728-8DC1-02E6ACA305B2}.Release|Any CPU.ActiveCfg = Release|Any CPU
		{2937B179-112A-4728-8DC1-02E6ACA305B2}.Release|Any CPU.Build.0 = Release|Any CPU
		{63AB2879-9E00-4E7E-B4F2-D77A24A47612}.Debug|Any CPU.ActiveCfg = Debug|Any CPU
		{63AB2879-9E00-4E7E-B4F2-D77A24A47612}.Debug|Any CPU.Build.0 = Debug|Any CPU
		{63AB2879-9E00-4E7E-B4F2-D77A24A47612}.Release|Any CPU.ActiveCfg = Release|Any CPU
		{63AB2879-9E00-4E7E-B4F2-D77A24A47612}.Release|Any CPU.Build.0 = Release|Any CPU
		{81829C8A-B641-4DF6-BB85-6AA1BB9D19F8}.Debug|Any CPU.ActiveCfg = Debug|Any CPU
		{81829C8A-B641-4DF6-BB85-6AA1BB9D19F8}.Debug|Any CPU.Build.0 = Debug|Any CPU
		{81829C8A-B641-4DF6-BB85-6AA1BB9D19F8}.Release|Any CPU.ActiveCfg = Release|Any CPU
		{81829C8A-B641-4DF6-BB85-6AA1BB9D19F8}.Release|Any CPU.Build.0 = Release|Any CPU
	EndGlobalSection
	GlobalSection(SolutionProperties) = preSolution
		HideSolutionNode = FALSE
	EndGlobalSection
	GlobalSection(NestedProjects) = preSolution
		{A7175EC4-103F-4E8F-9AD2-656535ED9AEC} = {C50760F7-E7A3-496A-8504-FC20F0CC3F93}
		{9E39E99E-9D6E-4E01-BCBD-4ABEBEDB50A6} = {A7175EC4-103F-4E8F-9AD2-656535ED9AEC}
		{145B9925-6FF2-4AC4-8443-6B9B95C573D6} = {C50760F7-E7A3-496A-8504-FC20F0CC3F93}
		{5F22A3FF-CC96-4DF1-94BA-71A83941A05C} = {145B9925-6FF2-4AC4-8443-6B9B95C573D6}
		{27B1B7BE-66FE-4285-A7F5-93EC53F4B0EC} = {C50760F7-E7A3-496A-8504-FC20F0CC3F93}
		{2C4D59F7-0201-4C11-8C3B-3E9ADF17453D} = {27B1B7BE-66FE-4285-A7F5-93EC53F4B0EC}
		{EDF9F7D1-9D2B-4177-8824-C352E05CCAF9} = {27B1B7BE-66FE-4285-A7F5-93EC53F4B0EC}
		{05F06D25-F8C9-437E-AC72-FD38A385FD97} = {C50760F7-E7A3-496A-8504-FC20F0CC3F93}
		{7FEE950B-4853-4B6A-A329-26EB0C482F26} = {05F06D25-F8C9-437E-AC72-FD38A385FD97}
		{F0EEBC49-43E2-496D-AE93-C16DAAAAF197} = {05F06D25-F8C9-437E-AC72-FD38A385FD97}
		{C6494755-A757-4BB8-98BD-F97AD1078C28} = {05F06D25-F8C9-437E-AC72-FD38A385FD97}
		{2937B179-112A-4728-8DC1-02E6ACA305B2} = {05F06D25-F8C9-437E-AC72-FD38A385FD97}
		{63AB2879-9E00-4E7E-B4F2-D77A24A47612} = {BB8D56F9-5F72-4F84-BCA2-41F122491DE6}
		{81829C8A-B641-4DF6-BB85-6AA1BB9D19F8} = {FFA4A710-1947-4F18-9248-4FBEA23BF00D}
	EndGlobalSection
	GlobalSection(ExtensibilityGlobals) = postSolution
		SolutionGuid = {E94702A7-2829-4F95-AE67-2B4C8F7C01B9}
	EndGlobalSection
EndGlobal
